{
  "name": "aggregation-synthesis-eval",
  "version": "1.0.0",
  "lockfileVersion": 3,
  "requires": true,
  "packages": {
    "": {
      "name": "aggregation-synthesis-eval",
      "version": "1.0.0",
      "dependencies": {
        "mingo": "6.4.13"
      },
      "engines": {
        "node": ">=18.0.0"
      }
    },
    "node_modules/mingo": {
      "version": "6.4.13",
      "resolved": "https://registry.npmjs.org/mingo/-/mingo-6.4.13.tgz",
      "integrity": "sha512-giMYD1sB/7Xh16PrWX6Lf3pOJH3tsJ/vkrkICmjhFLVqcJe3NPjgcClVAxWlNIuW/jD6nitaZv3aYyhCfKmGzA==",
      "license": "MIT"
    }
  }
}
